
Microsoft Visual Studio Solution File, Format Version 12.00
# Visual Studio Version 17
VisualStudioVersion = 17.5.002.0
MinimumVisualStudioVersion = 10.0.40219.1
Project("{9A19103F-16F7-4668-BE54-9A1E7A4F7556}") = "F2024", "F2024.csproj", "{DD4A4969-49FE-422E-B00E-34AE1F9FB67A}"
EndProject
Global
	GlobalSection(SolutionConfigurationPlatforms) = preSolution
		Debug|Any CPU = Debug|Any CPU
		Release|Any CPU = Release|Any CPU
	EndGlobalSection
	GlobalSection(ProjectConfigurationPlatforms) = postSolution
		{DD4A4969-49FE-422E-B00E-34AE1F9FB67A}.Debug|Any CPU.ActiveCfg = Debug|Any CPU
		{DD4A4969-49FE-422E-B00E-34AE1F9FB67A}.Debug|Any CPU.Build.0 = Debug|Any CPU
		{DD4A4969-49FE-422E-B00E-34AE1F9FB67A}.Release|Any CPU.ActiveCfg = Release|Any CPU
		{DD4A4969-49FE-422E-B00E-34AE1F9FB67A}.Release|Any CPU.Build.0 = Release|Any CPU
	EndGlobalSection
	GlobalSection(SolutionProperties) = preSolution
		HideSolutionNode = FALSE
	EndGlobalSection
	GlobalSection(ExtensibilityGlobals) = postSolution
		SolutionGuid = {3D1C30E0-1C14-4701-BAEC-F1DEA098BB5E}
	EndGlobalSection
EndGlobal
